// !$*UTF8*$!
{
	archiveVersion = 1;
	classes = {
	};
	objectVersion = 56;
	objects = {

/* Begin PBXBuildFile section */
		63EE64AD2C5BAB8300F2474B /* UICollection.docc in Sources */ = {isa = PBXBuildFile; fileRef = 63EE64AC2C5BAB8300F2474B /* UICollection.docc */; };
		63EE64AE2C5BAB8300F2474B /* UICollection.h in Headers */ = {isa = PBXBuildFile; fileRef = 63EE64AB2C5BAB8300F2474B /* UICollection.h */; settings = {ATTRIBUTES = (Public, ); }; };
		63EE64B52C5BABAE00F2474B /* Components.swift in Sources */ = {isa = PBXBuildFile; fileRef = 63EE64B42C5BABAE00F2474B /* Components.swift */; };
		63EE64BD2C5BABC700F2474B /* UICollectionDemoApp.swift in Sources */ = {isa = PBXBuildFile; fileRef = 63EE64BC2C5BABC700F2474B /* UICollectionDemoApp.swift */; };
		63EE64C42C5BABCB00F2474B /* Preview Assets.xcassets in Resources */ = {isa = PBXBuildFile; fileRef = 63EE64C32C5BABCB00F2474B /* Preview Assets.xcassets */; };
		63EE64C92C5BABF200F2474B /* ContentView.swift in Sources */ = {isa = PBXBuildFile; fileRef = 63EE64C82C5BABF200F2474B /* ContentView.swift */; };
		63EE64CB2C5BAC0900F2474B /* Assets.xcassets in Resources */ = {isa = PBXBuildFile; fileRef = 63EE64CA2C5BAC0900F2474B /* Assets.xcassets */; };
		63EE64D22C5BAD5300F2474B /* UICollection.framework in Frameworks */ = {isa = PBXBuildFile; fileRef = 63EE64A82C5BAB8300F2474B /* UICollection.framework */; platformFilter = ios; };
		63EE64D32C5BAD5300F2474B /* UICollection.framework in Embed Frameworks */ = {isa = PBXBuildFile; fileRef = 63EE64A82C5BAB8300F2474B /* UICollection.framework */; settings = {ATTRIBUTES = (CodeSignOnCopy, RemoveHeadersOnCopy, ); }; };
		63EE64DB2C5BB05600F2474B /* Package.swift in Sources */ = {isa = PBXBuildFile; fileRef = 63EE64DA2C5BB05500F2474B /* Package.swift */; };
/* End PBXBuildFile section */

/* Begin PBXContainerItemProxy section */
		63EE64D42C5BAD5300F2474B /* PBXContainerItemProxy */ = {
			isa = PBXContainerItemProxy;
			containerPortal = 63EE649F2C5BAB8300F2474B /* Project object */;
			proxyType = 1;
			remoteGlobalIDString = 63EE64A72C5BAB8300F2474B;
			remoteInfo = UICollection;
		};
/* End PBXContainerItemProxy section */

/* Begin PBXCopyFilesBuildPhase section */
		63EE64D62C5BAD5400F2474B /* Embed Frameworks */ = {
			isa = PBXCopyFilesBuildPhase;
			buildActionMask = 2147483647;
			dstPath = "";
			dstSubfolderSpec = 10;
			files = (
				63EE64D32C5BAD5300F2474B /* UICollection.framework in Embed Frameworks */,
			);
			name = "Embed Frameworks";
			runOnlyForDeploymentPostprocessing = 0;
		};
/* End PBXCopyFilesBuildPhase section */

/* Begin PBXFileReference section */
		63EE64A82C5BAB8300F2474B /* UICollection.framework */ = {isa = PBXFileReference; explicitFileType = wrapper.framework; includeInIndex = 0; path = UICollection.framework; sourceTree = BUILT_PRODUCTS_DIR; };
		63EE64AB2C5BAB8300F2474B /* UICollection.h */ = {isa = PBXFileReference; lastKnownFileType = sourcecode.c.h; path = UICollection.h; sourceTree = "<group>"; };
		63EE64AC2C5BAB8300F2474B /* UICollection.docc */ = {isa = PBXFileReference; lastKnownFileType = folder.documentationcatalog; path = UICollection.docc; sourceTree = "<group>"; };
		63EE64B42C5BABAE00F2474B /* Components.swift */ = {isa = PBXFileReference; fileEncoding = 4; lastKnownFileType = sourcecode.swift; name = Components.swift; path = "../../SwiftUI Collection/UICollection/Components.swift"; sourceTree = "<group>"; };
		63EE64BA2C5BABC700F2474B /* UICollectionDemo.app */ = {isa = PBXFileReference; explicitFileType = wrapper.application; includeInIndex = 0; path = UICollectionDemo.app; sourceTree = BUILT_PRODUCTS_DIR; };
		63EE64BC2C5BABC700F2474B /* UICollectionDemoApp.swift */ = {isa = PBXFileReference; lastKnownFileType = sourcecode.swift; path = UICollectionDemoApp.swift; sourceTree = "<group>"; };
		63EE64C32C5BABCB00F2474B /* Preview Assets.xcassets */ = {isa = PBXFileReference; lastKnownFileType = folder.assetcatalog; path = "Preview Assets.xcassets"; sourceTree = "<group>"; };
		63EE64C82C5BABF200F2474B /* ContentView.swift */ = {isa = PBXFileReference; fileEncoding = 4; lastKnownFileType = sourcecode.swift; name = ContentView.swift; path = "../../SwiftUI Collection/SwiftUI Collection/ContentView.swift"; sourceTree = "<group>"; };
		63EE64CA2C5BAC0900F2474B /* Assets.xcassets */ = {isa = PBXFileReference; lastKnownFileType = folder.assetcatalog; name = Assets.xcassets; path = "../../SwiftUI Collection/SwiftUI Collection/Assets.xcassets"; sourceTree = "<group>"; };
		63EE64DA2C5BB05500F2474B /* Package.swift */ = {isa = PBXFileReference; lastKnownFileType = sourcecode.swift; path = Package.swift; sourceTree = "<group>"; };
/* End PBXFileReference section */

/* Begin PBXFrameworksBuildPhase section */
		63EE64A52C5BAB8300F2474B /* Frameworks */ = {
			isa = PBXFrameworksBuildPhase;
			buildActionMask = 2147483647;
			files = (
			);
			runOnlyForDeploymentPostprocessing = 0;
		};
		63EE64B72C5BABC700F2474B /* Frameworks */ = {
			isa = PBXFrameworksBuildPhase;
			buildActionMask = 2147483647;
			files = (
				63EE64D22C5BAD5300F2474B /* UICollection.framework in Frameworks */,
			);
			runOnlyForDeploymentPostprocessing = 0;
		};
/* End PBXFrameworksBuildPhase section */

/* Begin PBXGroup section */
		63EE649E2C5BAB8300F2474B = {
			isa = PBXGroup;
			children = (
				63EE64AA2C5BAB8300F2474B /* UICollection */,
				63EE64BB2C5BABC700F2474B /* UICollectionDemo */,
				63EE64A92C5BAB8300F2474B /* Products */,
				63EE64CC2C5BAC5300F2474B /* Frameworks */,
			);
			sourceTree = "<group>";
		};
		63EE64A92C5BAB8300F2474B /* Products */ = {
			isa = PBXGroup;
			children = (
				63EE64A82C5BAB8300F2474B /* UICollection.framework */,
				63EE64BA2C5BABC700F2474B /* UICollectionDemo.app */,
			);
			name = Products;
			sourceTree = "<group>";
		};
		63EE64AA2C5BAB8300F2474B /* UICollection */ = {
			isa = PBXGroup;
			children = (
				63EE64B42C5BABAE00F2474B /* Components.swift */,
				63EE64AB2C5BAB8300F2474B /* UICollection.h */,
				63EE64AC2C5BAB8300F2474B /* UICollection.docc */,
				63EE64DA2C5BB05500F2474B /* Package.swift */,
			);
			path = UICollection;
			sourceTree = "<group>";
		};
		63EE64BB2C5BABC700F2474B /* UICollectionDemo */ = {
			isa = PBXGroup;
			children = (
				63EE64BC2C5BABC700F2474B /* UICollectionDemoApp.swift */,
				63EE64C82C5BABF200F2474B /* ContentView.swift */,
				63EE64CA2C5BAC0900F2474B /* Assets.xcassets */,
				63EE64C22C5BABCB00F2474B /* Preview Content */,
			);
			path = UICollectionDemo;
			sourceTree = "<group>";
		};
		63EE64C22C5BABCB00F2474B /* Preview Content */ = {
			isa = PBXGroup;
			children = (
				63EE64C32C5BABCB00F2474B /* Preview Assets.xcassets */,
			);
			path = "Preview Content";
			sourceTree = "<group>";
		};
		63EE64CC2C5BAC5300F2474B /* Frameworks */ = {
			isa = PBXGroup;
			children = (
			);
			name = Frameworks;
			sourceTree = "<group>";
		};
/* End PBXGroup section */

/* Begin PBXHeadersBuildPhase section */
		63EE64A32C5BAB8300F2474B /* Headers */ = {
			isa = PBXHeadersBuildPhase;
			buildActionMask = 2147483647;
			files = (
				63EE64AE2C5BAB8300F2474B /* UICollection.h in Headers */,
			);
			runOnlyForDeploymentPostprocessing = 0;
		};
/* End PBXHeadersBuildPhase section */

/* Begin PBXNativeTarget section */
		63EE64A72C5BAB8300F2474B /* UICollection */ = {
			isa = PBXNativeTarget;
			buildConfigurationList = 63EE64B12C5BAB8300F2474B /* Build configuration list for PBXNativeTarget "UICollection" */;
			buildPhases = (
				63EE64A32C5BAB8300F2474B /* Headers */,
				63EE64A42C5BAB8300F2474B /* Sources */,
				63EE64A52C5BAB8300F2474B /* Frameworks */,
				63EE64A62C5BAB8300F2474B /* Resources */,
			);
			buildRules = (
			);
			dependencies = (
			);
			name = UICollection;
			productName = UICollection;
			productReference = 63EE64A82C5BAB8300F2474B /* UICollection.framework */;
			productType = "com.apple.product-type.framework";
		};
		63EE64B92C5BABC700F2474B /* UICollectionDemo */ = {
			isa = PBXNativeTarget;
			buildConfigurationList = 63EE64C52C5BABCB00F2474B /* Build configuration list for PBXNativeTarget "UICollectionDemo" */;
			buildPhases = (
				63EE64B62C5BABC700F2474B /* Sources */,
				63EE64B72C5BABC700F2474B /* Frameworks */,
				63EE64B82C5BABC700F2474B /* Resources */,
				63EE64D62C5BAD5400F2474B /* Embed Frameworks */,
			);
			buildRules = (
			);
			dependencies = (
				63EE64D52C5BAD5300F2474B /* PBXTargetDependency */,
			);
			name = UICollectionDemo;
			productName = UICollectionDemo;
			productReference = 63EE64BA2C5BABC700F2474B /* UICollectionDemo.app */;
			productType = "com.apple.product-type.application";
		};
/* End PBXNativeTarget section */

/* Begin PBXProject section */
		63EE649F2C5BAB8300F2474B /* Project object */ = {
			isa = PBXProject;
			attributes = {
				BuildIndependentTargetsInParallel = 1;
				LastSwiftUpdateCheck = 1540;
				LastUpgradeCheck = 1540;
				TargetAttributes = {
					63EE64A72C5BAB8300F2474B = {
						CreatedOnToolsVersion = 15.4;
					};
					63EE64B92C5BABC700F2474B = {
						CreatedOnToolsVersion = 15.4;
					};
				};
			};
			buildConfigurationList = 63EE64A22C5BAB8300F2474B /* Build configuration list for PBXProject "UICollection" */;
			compatibilityVersion = "Xcode 14.0";
			developmentRegion = en;
			hasScannedForEncodings = 0;
			knownRegions = (
				en,
				Base,
			);
			mainGroup = 63EE649E2C5BAB8300F2474B;
			productRefGroup = 63EE64A92C5BAB8300F2474B /* Products */;
			projectDirPath = "";
			projectRoot = "";
			targets = (
				63EE64A72C5BAB8300F2474B /* UICollection */,
				63EE64B92C5BABC700F2474B /* UICollectionDemo */,
			);
		};
/* End PBXProject section */

/* Begin PBXResourcesBuildPhase section */
		63EE64A62C5BAB8300F2474B /* Resources */ = {
			isa = PBXResourcesBuildPhase;
			buildActionMask = 2147483647;
			files = (
			);
			runOnlyForDeploymentPostprocessing = 0;
		};
		63EE64B82C5BABC700F2474B /* Resources */ = {
			isa = PBXResourcesBuildPhase;
			buildActionMask = 2147483647;
			files = (
				63EE64C42C5BABCB00F2474B /* Preview Assets.xcassets in Resources */,
				63EE64CB2C5BAC0900F2474B /* Assets.xcassets in Resources */,
			);
			runOnlyForDeploymentPostprocessing = 0;
		};
/* End PBXResourcesBuildPhase section */

/* Begin PBXSourcesBuildPhase section */
		63EE64A42C5BAB8300F2474B /* Sources */ = {
			isa = PBXSourcesBuildPhase;
			buildActionMask = 2147483647;
			files = (
				63EE64DB2C5BB05600F2474B /* Package.swift in Sources */,
				63EE64AD2C5BAB8300F2474B /* UICollection.docc in Sources */,
				63EE64B52C5BABAE00F2474B /* Components.swift in Sources */,
			);
			runOnlyForDeploymentPostprocessing = 0;
		};
		63EE64B62C5BABC700F2474B /* Sources */ = {
			isa = PBXSourcesBuildPhase;
			buildActionMask = 2147483647;
			files = (
				63EE64BD2C5BABC700F2474B /* UICollectionDemoApp.swift in Sources */,
				63EE64C92C5BABF200F2474B /* ContentView.swift in Sources */,
			);
			runOnlyForDeploymentPostprocessing = 0;
		};
/* End PBXSourcesBuildPhase section */

/* Begin PBXTargetDependency section */
		63EE64D52C5BAD5300F2474B /* PBXTargetDependency */ = {
			isa = PBXTargetDependency;
			platformFilter = ios;
			target = 63EE64A72C5BAB8300F2474B /* UICollection */;
			targetProxy = 63EE64D42C5BAD5300F2474B /* PBXContainerItemProxy */;
		};
/* End PBXTargetDependency section */

/* Begin XCBuildConfiguration section */
		63EE64AF2C5BAB8300F2474B /* Debug */ = {
			isa = XCBuildConfiguration;
			buildSettings = {
				ALWAYS_SEARCH_USER_PATHS = NO;
				ASSETCATALOG_COMPILER_GENERATE_SWIFT_ASSET_SYMBOL_EXTENSIONS = YES;
				CLANG_ANALYZER_NONNULL = YES;
				CLANG_ANALYZER_NUMBER_OBJECT_CONVERSION = YES_AGGRESSIVE;
				CLANG_CXX_LANGUAGE_STANDARD = "gnu++20";
				CLANG_ENABLE_MODULES = YES;
				CLANG_ENABLE_OBJC_ARC = YES;
				CLANG_ENABLE_OBJC_WEAK = YES;
				CLANG_WARN_BLOCK_CAPTURE_AUTORELEASING = YES;
				CLANG_WARN_BOOL_CONVERSION = YES;
				CLANG_WARN_COMMA = YES;
				CLANG_WARN_CONSTANT_CONVERSION = YES;
				CLANG_WARN_DEPRECATED_OBJC_IMPLEMENTATIONS = YES;
				CLANG_WARN_DIRECT_OBJC_ISA_USAGE = YES_ERROR;
				CLANG_WARN_DOCUMENTATION_COMMENTS = YES;
				CLANG_WARN_EMPTY_BODY = YES;
				CLANG_WARN_ENUM_CONVERSION = YES;
				CLANG_WARN_INFINITE_RECURSION = YES;
				CLANG_WARN_INT_CONVERSION = YES;
				CLANG_WARN_NON_LITERAL_NULL_CONVERSION = YES;
				CLANG_WARN_OBJC_IMPLICIT_RETAIN_SELF = YES;
				CLANG_WARN_OBJC_LITERAL_CONVERSION = YES;
				CLANG_WARN_OBJC_ROOT_CLASS = YES_ERROR;
				CLANG_WARN_QUOTED_INCLUDE_IN_FRAMEWORK_HEADER = YES;
				CLANG_WARN_RANGE_LOOP_ANALYSIS = YES;
				CLANG_WARN_STRICT_PROTOTYPES = YES;
				CLANG_WARN_SUSPICIOUS_MOVE = YES;
				CLANG_WARN_UNGUARDED_AVAILABILITY = YES_AGGRESSIVE;
				CLANG_WARN_UNREACHABLE_CODE = YES;
				CLANG_WARN__DUPLICATE_METHOD_MATCH = YES;
				COPY_PHASE_STRIP = NO;
				CURRENT_PROJECT_VERSION = 1;
				DEBUG_INFORMATION_FORMAT = dwarf;
				ENABLE_STRICT_OBJC_MSGSEND = YES;
				ENABLE_TESTABILITY = YES;
				ENABLE_USER_SCRIPT_SANDBOXING = YES;
				GCC_C_LANGUAGE_STANDARD = gnu17;
				GCC_DYNAMIC_NO_PIC = NO;
				GCC_NO_COMMON_BLOCKS = YES;
				GCC_OPTIMIZATION_LEVEL = 0;
				GCC_PREPROCESSOR_DEFINITIONS = (
					"DEBUG=1",
					"$(inherited)",
				);
				GCC_WARN_64_TO_32_BIT_CONVERSION = YES;
				GCC_WARN_ABOUT_RETURN_TYPE = YES_ERROR;
				GCC_WARN_UNDECLARED_SELECTOR = YES;
				GCC_WARN_UNINITIALIZED_AUTOS = YES_AGGRESSIVE;
				GCC_WARN_UNUSED_FUNCTION = YES;
				GCC_WARN_UNUSED_VARIABLE = YES;
				IPHONEOS_DEPLOYMENT_TARGET = 17.5;
				LOCALIZATION_PREFERS_STRING_CATALOGS = YES;
				MTL_ENABLE_DEBUG_INFO = INCLUDE_SOURCE;
				MTL_FAST_MATH = YES;
				ONLY_ACTIVE_ARCH = YES;
				SDKROOT = iphoneos;
				SWIFT_ACTIVE_COMPILATION_CONDITIONS = "DEBUG $(inherited)";
				SWIFT_OPTIMIZATION_LEVEL = "-Onone";
				VERSIONING_SYSTEM = "apple-generic";
				VERSION_INFO_PREFIX = "";
			};
			name = Debug;
		};
		63EE64B02C5BAB8300F2474B /* Release */ = {
			isa = XCBuildConfiguration;
			buildSettings = {
				ALWAYS_SEARCH_USER_PATHS = NO;
				ASSETCATALOG_COMPILER_GENERATE_SWIFT_ASSET_SYMBOL_EXTENSIONS = YES;
				CLANG_ANALYZER_NONNULL = YES;
				CLANG_ANALYZER_NUMBER_OBJECT_CONVERSION = YES_AGGRESSIVE;
				CLANG_CXX_LANGUAGE_STANDARD = "gnu++20";
				CLANG_ENABLE_MODULES = YES;
				CLANG_ENABLE_OBJC_ARC = YES;
				CLANG_ENABLE_OBJC_WEAK = YES;
				CLANG_WARN_BLOCK_CAPTURE_AUTORELEASING = YES;
				CLANG_WARN_BOOL_CONVERSION = YES;
				CLANG_WARN_COMMA = YES;
				CLANG_WARN_CONSTANT_CONVERSION = YES;
				CLANG_WARN_DEPRECATED_OBJC_IMPLEMENTATIONS = YES;
				CLANG_WARN_DIRECT_OBJC_ISA_USAGE = YES_ERROR;
				CLANG_WARN_DOCUMENTATION_COMMENTS = YES;
				CLANG_WARN_EMPTY_BODY = YES;
				CLANG_WARN_ENUM_CONVERSION = YES;
				CLANG_WARN_INFINITE_RECURSION = YES;
				CLANG_WARN_INT_CONVERSION = YES;
				CLANG_WARN_NON_LITERAL_NULL_CONVERSION = YES;
				CLANG_WARN_OBJC_IMPLICIT_RETAIN_SELF = YES;
				CLANG_WARN_OBJC_LITERAL_CONVERSION = YES;
				CLANG_WARN_OBJC_ROOT_CLASS = YES_ERROR;
				CLANG_WARN_QUOTED_INCLUDE_IN_FRAMEWORK_HEADER = YES;
				CLANG_WARN_RANGE_LOOP_ANALYSIS = YES;
				CLANG_WARN_STRICT_PROTOTYPES = YES;
				CLANG_WARN_SUSPICIOUS_MOVE = YES;
				CLANG_WARN_UNGUARDED_AVAILABILITY = YES_AGGRESSIVE;
				CLANG_WARN_UNREACHABLE_CODE = YES;
				CLANG_WARN__DUPLICATE_METHOD_MATCH = YES;
				COPY_PHASE_STRIP = NO;
				CURRENT_PROJECT_VERSION = 1;
				DEBUG_INFORMATION_FORMAT = "dwarf-with-dsym";
				ENABLE_NS_ASSERTIONS = NO;
				ENABLE_STRICT_OBJC_MSGSEND = YES;
				ENABLE_USER_SCRIPT_SANDBOXING = YES;
				GCC_C_LANGUAGE_STANDARD = gnu17;
				GCC_NO_COMMON_BLOCKS = YES;
				GCC_WARN_64_TO_32_BIT_CONVERSION = YES;
				GCC_WARN_ABOUT_RETURN_TYPE = YES_ERROR;
				GCC_WARN_UNDECLARED_SELECTOR = YES;
				GCC_WARN_UNINITIALIZED_AUTOS = YES_AGGRESSIVE;
				GCC_WARN_UNUSED_FUNCTION = YES;
				GCC_WARN_UNUSED_VARIABLE = YES;
				IPHONEOS_DEPLOYMENT_TARGET = 17.5;
				LOCALIZATION_PREFERS_STRING_CATALOGS = YES;
				MTL_ENABLE_DEBUG_INFO = NO;
				MTL_FAST_MATH = YES;
				SDKROOT = iphoneos;
				SWIFT_COMPILATION_MODE = wholemodule;
				VALIDATE_PRODUCT = YES;
				VERSIONING_SYSTEM = "apple-generic";
				VERSION_INFO_PREFIX = "";
			};
			name = Release;
		};
		63EE64B22C5BAB8300F2474B /* Debug */ = {
			isa = XCBuildConfiguration;
			buildSettings = {
				BUILD_LIBRARY_FOR_DISTRIBUTION = YES;
				CODE_SIGN_STYLE = Automatic;
				CURRENT_PROJECT_VERSION = 1;
				DEFINES_MODULE = YES;
				DEVELOPMENT_TEAM = 63B37H5Z9V;
				DYLIB_COMPATIBILITY_VERSION = 1;
				DYLIB_CURRENT_VERSION = 1;
				DYLIB_INSTALL_NAME_BASE = "@rpath";
				ENABLE_MODULE_VERIFIER = YES;
				GENERATE_INFOPLIST_FILE = YES;
				INFOPLIST_KEY_NSHumanReadableCopyright = "";
				INSTALL_PATH = "$(LOCAL_LIBRARY_DIR)/Frameworks";
				LD_RUNPATH_SEARCH_PATHS = (
					"$(inherited)",
					"@executable_path/Frameworks",
					"@loader_path/Frameworks",
				);
				MARKETING_VERSION = 1.0;
				MODULE_VERIFIER_SUPPORTED_LANGUAGES = "objective-c objective-c++";
				MODULE_VERIFIER_SUPPORTED_LANGUAGE_STANDARDS = "gnu17 gnu++20";
				PRODUCT_BUNDLE_IDENTIFIER = de.cleverlemming1337.UICollection;
				PRODUCT_NAME = "$(TARGET_NAME:c99extidentifier)";
				SKIP_INSTALL = YES;
				SUPPORTED_PLATFORMS = "iphoneos iphonesimulator macosx watchos watchsimulator";
				SUPPORTS_MACCATALYST = YES;
				SWIFT_EMIT_LOC_STRINGS = YES;
				SWIFT_INSTALL_OBJC_HEADER = NO;
				SWIFT_VERSION = 5.0;
				TARGETED_DEVICE_FAMILY = "1,2,4";
			};
			name = Debug;
		};
		63EE64B32C5BAB8300F2474B /* Release */ = {
			isa = XCBuildConfiguration;
			buildSettings = {
				BUILD_LIBRARY_FOR_DISTRIBUTION = YES;
				CODE_SIGN_STYLE = Automatic;
				CURRENT_PROJECT_VERSION = 1;
				DEFINES_MODULE = YES;
				DEVELOPMENT_TEAM = 63B37H5Z9V;
				DYLIB_COMPATIBILITY_VERSION = 1;
				DYLIB_CURRENT_VERSION = 1;
				DYLIB_INSTALL_NAME_BASE = "@rpath";
				ENABLE_MODULE_VERIFIER = YES;
				GENERATE_INFOPLIST_FILE = YES;
				INFOPLIST_KEY_NSHumanReadableCopyright = "";
				INSTALL_PATH = "$(LOCAL_LIBRARY_DIR)/Frameworks";
				LD_RUNPATH_SEARCH_PATHS = (
					"$(inherited)",
					"@executable_path/Frameworks",
					"@loader_path/Frameworks",
				);
				MARKETING_VERSION = 1.0;
				MODULE_VERIFIER_SUPPORTED_LANGUAGES = "objective-c objective-c++";
				MODULE_VERIFIER_SUPPORTED_LANGUAGE_STANDARDS = "gnu17 gnu++20";
				PRODUCT_BUNDLE_IDENTIFIER = de.cleverlemming1337.UICollection;
				PRODUCT_NAME = "$(TARGET_NAME:c99extidentifier)";
				SKIP_INSTALL = YES;
				SUPPORTED_PLATFORMS = "iphoneos iphonesimulator macosx watchos watchsimulator";
				SUPPORTS_MACCATALYST = YES;
				SWIFT_EMIT_LOC_STRINGS = YES;
				SWIFT_INSTALL_OBJC_HEADER = NO;
				SWIFT_VERSION = 5.0;
				TARGETED_DEVICE_FAMILY = "1,2,4";
			};
			name = Release;
		};
		63EE64C62C5BABCB00F2474B /* Debug */ = {
			isa = XCBuildConfiguration;
			buildSettings = {
				ASSETCATALOG_COMPILER_APPICON_NAME = AppIcon;
				ASSETCATALOG_COMPILER_GLOBAL_ACCENT_COLOR_NAME = AccentColor;
				CODE_SIGN_STYLE = Automatic;
				CURRENT_PROJECT_VERSION = 1;
				DEVELOPMENT_ASSET_PATHS = "\"UICollectionDemo/Preview Content\"";
				DEVELOPMENT_TEAM = 63B37H5Z9V;
				ENABLE_PREVIEWS = YES;
				GENERATE_INFOPLIST_FILE = YES;
				INFOPLIST_KEY_CFBundleDisplayName = "UICollection Demo";
				INFOPLIST_KEY_UIApplicationSceneManifest_Generation = YES;
				INFOPLIST_KEY_UIApplicationSupportsIndirectInputEvents = YES;
				INFOPLIST_KEY_UILaunchScreen_Generation = YES;
				INFOPLIST_KEY_UISupportedInterfaceOrientations_iPad = "UIInterfaceOrientationPortrait UIInterfaceOrientationPortraitUpsideDown UIInterfaceOrientationLandscapeLeft UIInterfaceOrientationLandscapeRight";
				INFOPLIST_KEY_UISupportedInterfaceOrientations_iPhone = "UIInterfaceOrientationPortrait UIInterfaceOrientationLandscapeLeft UIInterfaceOrientationLandscapeRight";
				LD_RUNPATH_SEARCH_PATHS = (
					"$(inherited)",
					"@executable_path/Frameworks",
				);
				MARKETING_VERSION = 1.0;
				PRODUCT_BUNDLE_IDENTIFIER = de.cleverlemming1337.UICollectionDemo;
				PRODUCT_NAME = "$(TARGET_NAME)";
				SUPPORTED_PLATFORMS = "iphoneos iphonesimulator macosx";
				SUPPORTS_MACCATALYST = NO;
				SUPPORTS_MAC_DESIGNED_FOR_IPHONE_IPAD = NO;
				SWIFT_EMIT_LOC_STRINGS = YES;
				SWIFT_VERSION = 5.0;
				TARGETED_DEVICE_FAMILY = "1,2";
			};
			name = Debug;
		};
		63EE64C72C5BABCB00F2474B /* Release */ = {
			isa = XCBuildConfiguration;
			buildSettings = {
				ASSETCATALOG_COMPILER_APPICON_NAME = AppIcon;
				ASSETCATALOG_COMPILER_GLOBAL_ACCENT_COLOR_NAME = AccentColor;
				CODE_SIGN_STYLE = Automatic;
				CURRENT_PROJECT_VERSION = 1;
				DEVELOPMENT_ASSET_PATHS = "\"UICollectionDemo/Preview Content\"";
				DEVELOPMENT_TEAM = 63B37H5Z9V;
				ENABLE_PREVIEWS = YES;
				GENERATE_INFOPLIST_FILE = YES;
				INFOPLIST_KEY_CFBundleDisplayName = "UICollection Demo";
				INFOPLIST_KEY_UIApplicationSceneManifest_Generation = YES;
				INFOPLIST_KEY_UIApplicationSupportsIndirectInputEvents = YES;
				INFOPLIST_KEY_UILaunchScreen_Generation = YES;
				INFOPLIST_KEY_UISupportedInterfaceOrientations_iPad = "UIInterfaceOrientationPortrait UIInterfaceOrientationPortraitUpsideDown UIInterfaceOrientationLandscapeLeft UIInterfaceOrientationLandscapeRight";
				INFOPLIST_KEY_UISupportedInterfaceOrientations_iPhone = "UIInterfaceOrientationPortrait UIInterfaceOrientationLandscapeLeft UIInterfaceOrientationLandscapeRight";
				LD_RUNPATH_SEARCH_PATHS = (
					"$(inherited)",
					"@executable_path/Frameworks",
				);
				MARKETING_VERSION = 1.0;
				PRODUCT_BUNDLE_IDENTIFIER = de.cleverlemming1337.UICollectionDemo;
				PRODUCT_NAME = "$(TARGET_NAME)";
				SUPPORTED_PLATFORMS = "iphoneos iphonesimulator macosx";
				SUPPORTS_MACCATALYST = NO;
				SUPPORTS_MAC_DESIGNED_FOR_IPHONE_IPAD = NO;
				SWIFT_EMIT_LOC_STRINGS = YES;
				SWIFT_VERSION = 5.0;
				TARGETED_DEVICE_FAMILY = "1,2";
			};
			name = Release;
		};
/* End XCBuildConfiguration section */

/* Begin XCConfigurationList section */
		63EE64A22C5BAB8300F2474B /* Build configuration list for PBXProject "UICollection" */ = {
			isa = XCConfigurationList;
			buildConfigurations = (
				63EE64AF2C5BAB8300F2474B /* Debug */,
				63EE64B02C5BAB8300F2474B /* Release */,
			);
			defaultConfigurationIsVisible = 0;
			defaultConfigurationName = Release;
		};
		63EE64B12C5BAB8300F2474B /* Build configuration list for PBXNativeTarget "UICollection" */ = {
			isa = XCConfigurationList;
			buildConfigurations = (
				63EE64B22C5BAB8300F2474B /* Debug */,
				63EE64B32C5BAB8300F2474B /* Release */,
			);
			defaultConfigurationIsVisible = 0;
			defaultConfigurationName = Release;
		};
		63EE64C52C5BABCB00F2474B /* Build configuration list for PBXNativeTarget "UICollectionDemo" */ = {
			isa = XCConfigurationList;
			buildConfigurations = (
				63EE64C62C5BABCB00F2474B /* Debug */,
				63EE64C72C5BABCB00F2474B /* Release */,
			);
			defaultConfigurationIsVisible = 0;
			defaultConfigurationName = Release;
		};
/* End XCConfigurationList section */
	};
	rootObject = 63EE649F2C5BAB8300F2474B /* Project object */;
}
